{
  "name": "simulation-tool",
  "version": "0.0.1",
  "lockfileVersion": 3,
  "requires": true,
  "packages": {
    "": {
      "name": "simulation-tool",
      "version": "0.0.1",
      "dependencies": {
        "@vueform/slider": "^2.1.10",
        "lodash": "^4.17.21",
        "plotly.js-dist": "^2.35.2",
        "vuetify": "^3.7.14"
      }
    },
    "node_modules/@vueform/slider": {
      "version": "2.1.10",
      "resolved": "https://registry.npmjs.org/@vueform/slider/-/slider-2.1.10.tgz",
      "integrity": "sha512-L2G3Ju51Yq6yWF2wzYYsicUUaH56kL1QKGVtimUVHT1K1ADcRT94xVyIeJpS0klliVEeF6iMZFbdXtHq8AsDHw==",
      "license": "MIT"
    },
    "node_modules/lodash": {
      "version": "4.17.21",
      "resolved": "https://registry.npmjs.org/lodash/-/lodash-4.17.21.tgz",
      "integrity": "sha512-v2kDEe57lecTulaDIuNTPy3Ry4gLGJ6Z1O3vE1krgXZNrsQ+LFTGHVxVjcXPs17LhbZVGedAJv8XZ1tvj5FvSg==",
      "license": "MIT"
    },
    "node_modules/plotly.js-dist": {
      "version": "2.35.2",
      "resolved": "https://registry.npmjs.org/plotly.js-dist/-/plotly.js-dist-2.35.2.tgz",
      "integrity": "sha512-zbKfz7jXGcLGoyPJxjGrKLttPiqvsEjIMHON/dEU/mnOJ+/yYoEctEEQ3qp5zQmvoovw1L47kCsQpq/GTbejBA==",
      "license": "MIT"
    },
    "node_modules/vuetify": {
      "version": "3.7.14",
      "resolved": "https://registry.npmjs.org/vuetify/-/vuetify-3.7.14.tgz",
      "integrity": "sha512-L5oD0x3Wrp49Khp+16dRykAFUZq6WXqX7OHLTwXnyEliJ48ERC9WfEtN0YOuEIhor/b2IOZXl+11fs/m452/Lw==",
      "license": "MIT",
      "engines": {
        "node": "^12.20 || >=14.13"
      },
      "funding": {
        "type": "github",
        "url": "https://github.com/sponsors/johnleider"
      },
      "peerDependencies": {
        "typescript": ">=4.7",
        "vite-plugin-vuetify": ">=1.0.0",
        "vue": "^3.3.0",
        "webpack-plugin-vuetify": ">=2.0.0"
      },
      "peerDependenciesMeta": {
        "typescript": {
          "optional": true
        },
        "vite-plugin-vuetify": {
          "optional": true
        },
        "webpack-plugin-vuetify": {
          "optional": true
        }
      }
    }
  }
}
